
Microsoft Visual Studio Solution File, Format Version 12.00
# Visual Studio Version 17
VisualStudioVersion = 17.0.31903.59
MinimumVisualStudioVersion = 10.0.40219.1
Project("{2150E333-8FDC-42A3-9474-1A3956D46DE8}") = "src", "src", "{827E0CD3-B72D-47B6-A68D-7590B98EB39B}"
EndProject
Project("{2150E333-8FDC-42A3-9474-1A3956D46DE8}") = "AuthService", "AuthService", "{2AC20A46-3928-2638-2A2E-83B7FF2AF7AE}"
EndProject
Project("{FAE04EC0-301F-11D3-BF4B-00C04F79EFBC}") = "AuthService.Api", "src\AuthService\AuthService.Api\AuthService.Api.csproj", "{E7713A07-0374-4E36-BF44-A99A64BD8F04}"
EndProject
Project("{FAE04EC0-301F-11D3-BF4B-00C04F79EFBC}") = "AuthService.Business", "src\AuthService\AuthService.Business\AuthService.Business.csproj", "{AF78D6AB-D52A-4C29-AF4A-51831A2CAAB6}"
EndProject
Project("{FAE04EC0-301F-11D3-BF4B-00C04F79EFBC}") = "AuthService.Data", "src\AuthService\AuthService.Data\AuthService.Data.csproj", "{28AE033F-7910-4297-A91E-A2D1BD05F8A4}"
EndProject
Project("{2150E333-8FDC-42A3-9474-1A3956D46DE8}") = "ContractGroupService", "ContractGroupService", "{84871D2F-9D13-8E05-43A3-E95AEA4CA61D}"
EndProject
Project("{FAE04EC0-301F-11D3-BF4B-00C04F79EFBC}") = "ContractGroupService.Api", "src\ContractGroupService\ContractGroupService.Api\ContractGroupService.Api.csproj", "{F7029855-0F5A-4A96-A410-C6137F1D93BB}"
EndProject
Project("{FAE04EC0-301F-11D3-BF4B-00C04F79EFBC}") = "ContractGroupService.Business", "src\ContractGroupService\ContractGroupService.Business\ContractGroupService.Business.csproj", "{297F1BA2-39D4-4A49-97F0-46E2F9791F5C}"
EndProject
Project("{FAE04EC0-301F-11D3-BF4B-00C04F79EFBC}") = "ContractGroupService.Data", "src\ContractGroupService\ContractGroupService.Data\ContractGroupService.Data.csproj", "{C20A3B92-2E08-4ECE-9D3C-9DD833C7B0F7}"
EndProject
Project("{2150E333-8FDC-42A3-9474-1A3956D46DE8}") = "VehicleService", "VehicleService", "{5A2F0CE0-21F7-8344-6982-50F717F9C00F}"
EndProject
Project("{FAE04EC0-301F-11D3-BF4B-00C04F79EFBC}") = "VehicleService.Api", "src\VehicleService\VehicleService.Api\VehicleService.Api.csproj", "{8186053D-7B34-43E4-9CB9-860FB4292024}"
EndProject
Project("{FAE04EC0-301F-11D3-BF4B-00C04F79EFBC}") = "VehicleService.Business", "src\VehicleService\VehicleService.Business\VehicleService.Business.csproj", "{E85A2897-632D-4A41-AF56-C4012A90F3F7}"
EndProject
Project("{FAE04EC0-301F-11D3-BF4B-00C04F79EFBC}") = "VehicleService.Data", "src\VehicleService\VehicleService.Data\VehicleService.Data.csproj", "{BA107E15-CEEC-4F6B-925F-2D492A7EBA66}"
EndProject
Project("{2150E333-8FDC-42A3-9474-1A3956D46DE8}") = "BookingService", "BookingService", "{E533F4BE-44EE-FF34-0726-A5E7842B4709}"
EndProject
Project("{FAE04EC0-301F-11D3-BF4B-00C04F79EFBC}") = "BookingService.Api", "src\BookingService\BookingService.Api\BookingService.Api.csproj", "{537C999D-64D6-4E1D-A0A0-DB57E27CFB49}"
EndProject
Project("{FAE04EC0-301F-11D3-BF4B-00C04F79EFBC}") = "BookingService.Business", "src\BookingService\BookingService.Business\BookingService.Business.csproj", "{7E6F8A07-C9A2-4E62-8B1F-150E1B621B75}"
EndProject
Project("{FAE04EC0-301F-11D3-BF4B-00C04F79EFBC}") = "BookingService.Data", "src\BookingService\BookingService.Data\BookingService.Data.csproj", "{169DE9A0-91FA-4FC2-A638-2D72B5BFBDE2}"
EndProject
Project("{2150E333-8FDC-42A3-9474-1A3956D46DE8}") = "FinanceService", "FinanceService", "{C8A81FA1-00A6-A89E-D121-D71451D98C8A}"
EndProject
Project("{FAE04EC0-301F-11D3-BF4B-00C04F79EFBC}") = "FinanceService.Api", "src\FinanceService\FinanceService.Api\FinanceService.Api.csproj", "{F1D1113D-C66A-4EC5-A555-4DF0F57CDCAD}"
EndProject
Project("{FAE04EC0-301F-11D3-BF4B-00C04F79EFBC}") = "FinanceService.Business", "src\FinanceService\FinanceService.Business\FinanceService.Business.csproj", "{6F32494A-7F96-49A1-9EBF-ECDCFA2596ED}"
EndProject
Project("{FAE04EC0-301F-11D3-BF4B-00C04F79EFBC}") = "FinanceService.Data", "src\FinanceService\FinanceService.Data\FinanceService.Data.csproj", "{5E956146-D9ED-4640-A22A-7155324CE525}"
EndProject
Project("{2150E333-8FDC-42A3-9474-1A3956D46DE8}") = "ApiGateway", "ApiGateway", "{FCA01246-F2C6-0AA7-D43F-FD13BE0B9D88}"
EndProject
Project("{FAE04EC0-301F-11D3-BF4B-00C04F79EFBC}") = "ApiGateway", "src\ApiGateway\ApiGateway\ApiGateway.csproj", "{D7823BD9-5EB1-4F6B-AE89-B6D15A8B97E1}"
EndProject
Project("{2150E333-8FDC-42A3-9474-1A3956D46DE8}") = "shared", "shared", "{4F52FD11-658E-A102-6CD3-7D7C16FFA15B}"
EndProject
Project("{FAE04EC0-301F-11D3-BF4B-00C04F79EFBC}") = "EvCoOwnership.Shared", "shared\EvCoOwnership.Shared\EvCoOwnership.Shared.csproj", "{2ECFAE94-0312-4108-B16A-8F25838F5F33}"
EndProject
Global
	GlobalSection(SolutionConfigurationPlatforms) = preSolution
		Debug|Any CPU = Debug|Any CPU
		Debug|x64 = Debug|x64
		Debug|x86 = Debug|x86
		Release|Any CPU = Release|Any CPU
		Release|x64 = Release|x64
		Release|x86 = Release|x86
	EndGlobalSection
	GlobalSection(ProjectConfigurationPlatforms) = postSolution
		{E7713A07-0374-4E36-BF44-A99A64BD8F04}.Debug|Any CPU.ActiveCfg = Debug|Any CPU
		{E7713A07-0374-4E36-BF44-A99A64BD8F04}.Debug|Any CPU.Build.0 = Debug|Any CPU
		{E7713A07-0374-4E36-BF44-A99A64BD8F04}.Debug|x64.ActiveCfg = Debug|Any CPU
		{E7713A07-0374-4E36-BF44-A99A64BD8F04}.Debug|x64.Build.0 = Debug|Any CPU
		{E7713A07-0374-4E36-BF44-A99A64BD8F04}.Debug|x86.ActiveCfg = Debug|Any CPU
		{E7713A07-0374-4E36-BF44-A99A64BD8F04}.Debug|x86.Build.0 = Debug|Any CPU
		{E7713A07-0374-4E36-BF44-A99A64BD8F04}.Release|Any CPU.ActiveCfg = Release|Any CPU
		{E7713A07-0374-4E36-BF44-A99A64BD8F04}.Release|Any CPU.Build.0 = Release|Any CPU
		{E7713A07-0374-4E36-BF44-A99A64BD8F04}.Release|x64.ActiveCfg = Release|Any CPU
		{E7713A07-0374-4E36-BF44-A99A64BD8F04}.Release|x64.Build.0 = Release|Any CPU
		{E7713A07-0374-4E36-BF44-A99A64BD8F04}.Release|x86.ActiveCfg = Release|Any CPU
		{E7713A07-0374-4E36-BF44-A99A64BD8F04}.Release|x86.Build.0 = Release|Any CPU
		{AF78D6AB-D52A-4C29-AF4A-51831A2CAAB6}.Debug|Any CPU.ActiveCfg = Debug|Any CPU
		{AF78D6AB-D52A-4C29-AF4A-51831A2CAAB6}.Debug|Any CPU.Build.0 = Debug|Any CPU
		{AF78D6AB-D52A-4C29-AF4A-51831A2CAAB6}.Debug|x64.ActiveCfg = Debug|Any CPU
		{AF78D6AB-D52A-4C29-AF4A-51831A2CAAB6}.Debug|x64.Build.0 = Debug|Any CPU
		{AF78D6AB-D52A-4C29-AF4A-51831A2CAAB6}.Debug|x86.ActiveCfg = Debug|Any CPU
		{AF78D6AB-D52A-4C29-AF4A-51831A2CAAB6}.Debug|x86.Build.0 = Debug|Any CPU
		{AF78D6AB-D52A-4C29-AF4A-51831A2CAAB6}.Release|Any CPU.ActiveCfg = Release|Any CPU
		{AF78D6AB-D52A-4C29-AF4A-51831A2CAAB6}.Release|Any CPU.Build.0 = Release|Any CPU
		{AF78D6AB-D52A-4C29-AF4A-51831A2CAAB6}.Release|x64.ActiveCfg = Release|Any CPU
		{AF78D6AB-D52A-4C29-AF4A-51831A2CAAB6}.Release|x64.Build.0 = Release|Any CPU
		{AF78D6AB-D52A-4C29-AF4A-51831A2CAAB6}.Release|x86.ActiveCfg = Release|Any CPU
		{AF78D6AB-D52A-4C29-AF4A-51831A2CAAB6}.Release|x86.Build.0 = Release|Any CPU
		{28AE033F-7910-4297-A91E-A2D1BD05F8A4}.Debug|Any CPU.ActiveCfg = Debug|Any CPU
		{28AE033F-7910-4297-A91E-A2D1BD05F8A4}.Debug|Any CPU.Build.0 = Debug|Any CPU
		{28AE033F-7910-4297-A91E-A2D1BD05F8A4}.Debug|x64.ActiveCfg = Debug|Any CPU
		{28AE033F-7910-4297-A91E-A2D1BD05F8A4}.Debug|x64.Build.0 = Debug|Any CPU
		{28AE033F-7910-4297-A91E-A2D1BD05F8A4}.Debug|x86.ActiveCfg = Debug|Any CPU
		{28AE033F-7910-4297-A91E-A2D1BD05F8A4}.Debug|x86.Build.0 = Debug|Any CPU
		{28AE033F-7910-4297-A91E-A2D1BD05F8A4}.Release|Any CPU.ActiveCfg = Release|Any CPU
		{28AE033F-7910-4297-A91E-A2D1BD05F8A4}.Release|Any CPU.Build.0 = Release|Any CPU
		{28AE033F-7910-4297-A91E-A2D1BD05F8A4}.Release|x64.ActiveCfg = Release|Any CPU
		{28AE033F-7910-4297-A91E-A2D1BD05F8A4}.Release|x64.Build.0 = Release|Any CPU
		{28AE033F-7910-4297-A91E-A2D1BD05F8A4}.Release|x86.ActiveCfg = Release|Any CPU
		{28AE033F-7910-4297-A91E-A2D1BD05F8A4}.Release|x86.Build.0 = Release|Any CPU
		{F7029855-0F5A-4A96-A410-C6137F1D93BB}.Debug|Any CPU.ActiveCfg = Debug|Any CPU
		{F7029855-0F5A-4A96-A410-C6137F1D93BB}.Debug|Any CPU.Build.0 = Debug|Any CPU
		{F7029855-0F5A-4A96-A410-C6137F1D93BB}.Debug|x64.ActiveCfg = Debug|Any CPU
		{F7029855-0F5A-4A96-A410-C6137F1D93BB}.Debug|x64.Build.0 = Debug|Any CPU
		{F7029855-0F5A-4A96-A410-C6137F1D93BB}.Debug|x86.ActiveCfg = Debug|Any CPU
		{F7029855-0F5A-4A96-A410-C6137F1D93BB}.Debug|x86.Build.0 = Debug|Any CPU
		{F7029855-0F5A-4A96-A410-C6137F1D93BB}.Release|Any CPU.ActiveCfg = Release|Any CPU
		{F7029855-0F5A-4A96-A410-C6137F1D93BB}.Release|Any CPU.Build.0 = Release|Any CPU
		{F7029855-0F5A-4A96-A410-C6137F1D93BB}.Release|x64.ActiveCfg = Release|Any CPU
		{F7029855-0F5A-4A96-A410-C6137F1D93BB}.Release|x64.Build.0 = Release|Any CPU
		{F7029855-0F5A-4A96-A410-C6137F1D93BB}.Release|x86.ActiveCfg = Release|Any CPU
		{F7029855-0F5A-4A96-A410-C6137F1D93BB}.Release|x86.Build.0 = Release|Any CPU
		{297F1BA2-39D4-4A49-97F0-46E2F9791F5C}.Debug|Any CPU.ActiveCfg = Debug|Any CPU
		{297F1BA2-39D4-4A49-97F0-46E2F9791F5C}.Debug|Any CPU.Build.0 = Debug|Any CPU
		{297F1BA2-39D4-4A49-97F0-46E2F9791F5C}.Debug|x64.ActiveCfg = Debug|Any CPU
		{297F1BA2-39D4-4A49-97F0-46E2F9791F5C}.Debug|x64.Build.0 = Debug|Any CPU
		{297F1BA2-39D4-4A49-97F0-46E2F9791F5C}.Debug|x86.ActiveCfg = Debug|Any CPU
		{297F1BA2-39D4-4A49-97F0-46E2F9791F5C}.Debug|x86.Build.0 = Debug|Any CPU
		{297F1BA2-39D4-4A49-97F0-46E2F9791F5C}.Release|Any CPU.ActiveCfg = Release|Any CPU
		{297F1BA2-39D4-4A49-97F0-46E2F9791F5C}.Release|Any CPU.Build.0 = Release|Any CPU
		{297F1BA2-39D4-4A49-97F0-46E2F9791F5C}.Release|x64.ActiveCfg = Release|Any CPU
		{297F1BA2-39D4-4A49-97F0-46E2F9791F5C}.Release|x64.Build.0 = Release|Any CPU
		{297F1BA2-39D4-4A49-97F0-46E2F9791F5C}.Release|x86.ActiveCfg = Release|Any CPU
		{297F1BA2-39D4-4A49-97F0-46E2F9791F5C}.Release|x86.Build.0 = Release|Any CPU
		{C20A3B92-2E08-4ECE-9D3C-9DD833C7B0F7}.Debug|Any CPU.ActiveCfg = Debug|Any CPU
		{C20A3B92-2E08-4ECE-9D3C-9DD833C7B0F7}.Debug|Any CPU.Build.0 = Debug|Any CPU
		{C20A3B92-2E08-4ECE-9D3C-9DD833C7B0F7}.Debug|x64.ActiveCfg = Debug|Any CPU
		{C20A3B92-2E08-4ECE-9D3C-9DD833C7B0F7}.Debug|x64.Build.0 = Debug|Any CPU
		{C20A3B92-2E08-4ECE-9D3C-9DD833C7B0F7}.Debug|x86.ActiveCfg = Debug|Any CPU
		{C20A3B92-2E08-4ECE-9D3C-9DD833C7B0F7}.Debug|x86.Build.0 = Debug|Any CPU
		{C20A3B92-2E08-4ECE-9D3C-9DD833C7B0F7}.Release|Any CPU.ActiveCfg = Release|Any CPU
		{C20A3B92-2E08-4ECE-9D3C-9DD833C7B0F7}.Release|Any CPU.Build.0 = Release|Any CPU
		{C20A3B92-2E08-4ECE-9D3C-9DD833C7B0F7}.Release|x64.ActiveCfg = Release|Any CPU
		{C20A3B92-2E08-4ECE-9D3C-9DD833C7B0F7}.Release|x64.Build.0 = Release|Any CPU
		{C20A3B92-2E08-4ECE-9D3C-9DD833C7B0F7}.Release|x86.ActiveCfg = Release|Any CPU
		{C20A3B92-2E08-4ECE-9D3C-9DD833C7B0F7}.Release|x86.Build.0 = Release|Any CPU
		{8186053D-7B34-43E4-9CB9-860FB4292024}.Debug|Any CPU.ActiveCfg = Debug|Any CPU
		{8186053D-7B34-43E4-9CB9-860FB4292024}.Debug|Any CPU.Build.0 = Debug|Any CPU
		{8186053D-7B34-43E4-9CB9-860FB4292024}.Debug|x64.ActiveCfg = Debug|Any CPU
		{8186053D-7B34-43E4-9CB9-860FB4292024}.Debug|x64.Build.0 = Debug|Any CPU
		{8186053D-7B34-43E4-9CB9-860FB4292024}.Debug|x86.ActiveCfg = Debug|Any CPU
		{8186053D-7B34-43E4-9CB9-860FB4292024}.Debug|x86.Build.0 = Debug|Any CPU
		{8186053D-7B34-43E4-9CB9-860FB4292024}.Release|Any CPU.ActiveCfg = Release|Any CPU
		{8186053D-7B34-43E4-9CB9-860FB4292024}.Release|Any CPU.Build.0 = Release|Any CPU
		{8186053D-7B34-43E4-9CB9-860FB4292024}.Release|x64.ActiveCfg = Release|Any CPU
		{8186053D-7B34-43E4-9CB9-860FB4292024}.Release|x64.Build.0 = Release|Any CPU
		{8186053D-7B34-43E4-9CB9-860FB4292024}.Release|x86.ActiveCfg = Release|Any CPU
		{8186053D-7B34-43E4-9CB9-860FB4292024}.Release|x86.Build.0 = Release|Any CPU
		{E85A2897-632D-4A41-AF56-C4012A90F3F7}.Debug|Any CPU.ActiveCfg = Debug|Any CPU
		{E85A2897-632D-4A41-AF56-C4012A90F3F7}.Debug|Any CPU.Build.0 = Debug|Any CPU
		{E85A2897-632D-4A41-AF56-C4012A90F3F7}.Debug|x64.ActiveCfg = Debug|Any CPU
		{E85A2897-632D-4A41-AF56-C4012A90F3F7}.Debug|x64.Build.0 = Debug|Any CPU
		{E85A2897-632D-4A41-AF56-C4012A90F3F7}.Debug|x86.ActiveCfg = Debug|Any CPU
		{E85A2897-632D-4A41-AF56-C4012A90F3F7}.Debug|x86.Build.0 = Debug|Any CPU
		{E85A2897-632D-4A41-AF56-C4012A90F3F7}.Release|Any CPU.ActiveCfg = Release|Any CPU
		{E85A2897-632D-4A41-AF56-C4012A90F3F7}.Release|Any CPU.Build.0 = Release|Any CPU
		{E85A2897-632D-4A41-AF56-C4012A90F3F7}.Release|x64.ActiveCfg = Release|Any CPU
		{E85A2897-632D-4A41-AF56-C4012A90F3F7}.Release|x64.Build.0 = Release|Any CPU
		{E85A2897-632D-4A41-AF56-C4012A90F3F7}.Release|x86.ActiveCfg = Release|Any CPU
		{E85A2897-632D-4A41-AF56-C4012A90F3F7}.Release|x86.Build.0 = Release|Any CPU
		{BA107E15-CEEC-4F6B-925F-2D492A7EBA66}.Debug|Any CPU.ActiveCfg = Debug|Any CPU
		{BA107E15-CEEC-4F6B-925F-2D492A7EBA66}.Debug|Any CPU.Build.0 = Debug|Any CPU
		{BA107E15-CEEC-4F6B-925F-2D492A7EBA66}.Debug|x64.ActiveCfg = Debug|Any CPU
		{BA107E15-CEEC-4F6B-925F-2D492A7EBA66}.Debug|x64.Build.0 = Debug|Any CPU
		{BA107E15-CEEC-4F6B-925F-2D492A7EBA66}.Debug|x86.ActiveCfg = Debug|Any CPU
		{BA107E15-CEEC-4F6B-925F-2D492A7EBA66}.Debug|x86.Build.0 = Debug|Any CPU
		{BA107E15-CEEC-4F6B-925F-2D492A7EBA66}.Release|Any CPU.ActiveCfg = Release|Any CPU
		{BA107E15-CEEC-4F6B-925F-2D492A7EBA66}.Release|Any CPU.Build.0 = Release|Any CPU
		{BA107E15-CEEC-4F6B-925F-2D492A7EBA66}.Release|x64.ActiveCfg = Release|Any CPU
		{BA107E15-CEEC-4F6B-925F-2D492A7EBA66}.Release|x64.Build.0 = Release|Any CPU
		{BA107E15-CEEC-4F6B-925F-2D492A7EBA66}.Release|x86.ActiveCfg = Release|Any CPU
		{BA107E15-CEEC-4F6B-925F-2D492A7EBA66}.Release|x86.Build.0 = Release|Any CPU
		{537C999D-64D6-4E1D-A0A0-DB57E27CFB49}.Debug|Any CPU.ActiveCfg = Debug|Any CPU
		{537C999D-64D6-4E1D-A0A0-DB57E27CFB49}.Debug|Any CPU.Build.0 = Debug|Any CPU
		{537C999D-64D6-4E1D-A0A0-DB57E27CFB49}.Debug|x64.ActiveCfg = Debug|Any CPU
		{537C999D-64D6-4E1D-A0A0-DB57E27CFB49}.Debug|x64.Build.0 = Debug|Any CPU
		{537C999D-64D6-4E1D-A0A0-DB57E27CFB49}.Debug|x86.ActiveCfg = Debug|Any CPU
		{537C999D-64D6-4E1D-A0A0-DB57E27CFB49}.Debug|x86.Build.0 = Debug|Any CPU
		{537C999D-64D6-4E1D-A0A0-DB57E27CFB49}.Release|Any CPU.ActiveCfg = Release|Any CPU
		{537C999D-64D6-4E1D-A0A0-DB57E27CFB49}.Release|Any CPU.Build.0 = Release|Any CPU
		{537C999D-64D6-4E1D-A0A0-DB57E27CFB49}.Release|x64.ActiveCfg = Release|Any CPU
		{537C999D-64D6-4E1D-A0A0-DB57E27CFB49}.Release|x64.Build.0 = Release|Any CPU
		{537C999D-64D6-4E1D-A0A0-DB57E27CFB49}.Release|x86.ActiveCfg = Release|Any CPU
		{537C999D-64D6-4E1D-A0A0-DB57E27CFB49}.Release|x86.Build.0 = Release|Any CPU
		{7E6F8A07-C9A2-4E62-8B1F-150E1B621B75}.Debug|Any CPU.ActiveCfg = Debug|Any CPU
		{7E6F8A07-C9A2-4E62-8B1F-150E1B621B75}.Debug|Any CPU.Build.0 = Debug|Any CPU
		{7E6F8A07-C9A2-4E62-8B1F-150E1B621B75}.Debug|x64.ActiveCfg = Debug|Any CPU
		{7E6F8A07-C9A2-4E62-8B1F-150E1B621B75}.Debug|x64.Build.0 = Debug|Any CPU
		{7E6F8A07-C9A2-4E62-8B1F-150E1B621B75}.Debug|x86.ActiveCfg = Debug|Any CPU
		{7E6F8A07-C9A2-4E62-8B1F-150E1B621B75}.Debug|x86.Build.0 = Debug|Any CPU
		{7E6F8A07-C9A2-4E62-8B1F-150E1B621B75}.Release|Any CPU.ActiveCfg = Release|Any CPU
		{7E6F8A07-C9A2-4E62-8B1F-150E1B621B75}.Release|Any CPU.Build.0 = Release|Any CPU
		{7E6F8A07-C9A2-4E62-8B1F-150E1B621B75}.Release|x64.ActiveCfg = Release|Any CPU
		{7E6F8A07-C9A2-4E62-8B1F-150E1B621B75}.Release|x64.Build.0 = Release|Any CPU
		{7E6F8A07-C9A2-4E62-8B1F-150E1B621B75}.Release|x86.ActiveCfg = Release|Any CPU
		{7E6F8A07-C9A2-4E62-8B1F-150E1B621B75}.Release|x86.Build.0 = Release|Any CPU
		{169DE9A0-91FA-4FC2-A638-2D72B5BFBDE2}.Debug|Any CPU.ActiveCfg = Debug|Any CPU
		{169DE9A0-91FA-4FC2-A638-2D72B5BFBDE2}.Debug|Any CPU.Build.0 = Debug|Any CPU
		{169DE9A0-91FA-4FC2-A638-2D72B5BFBDE2}.Debug|x64.ActiveCfg = Debug|Any CPU
		{169DE9A0-91FA-4FC2-A638-2D72B5BFBDE2}.Debug|x64.Build.0 = Debug|Any CPU
		{169DE9A0-91FA-4FC2-A638-2D72B5BFBDE2}.Debug|x86.ActiveCfg = Debug|Any CPU
		{169DE9A0-91FA-4FC2-A638-2D72B5BFBDE2}.Debug|x86.Build.0 = Debug|Any CPU
		{169DE9A0-91FA-4FC2-A638-2D72B5BFBDE2}.Release|Any CPU.ActiveCfg = Release|Any CPU
		{169DE9A0-91FA-4FC2-A638-2D72B5BFBDE2}.Release|Any CPU.Build.0 = Release|Any CPU
		{169DE9A0-91FA-4FC2-A638-2D72B5BFBDE2}.Release|x64.ActiveCfg = Release|Any CPU
		{169DE9A0-91FA-4FC2-A638-2D72B5BFBDE2}.Release|x64.Build.0 = Release|Any CPU
		{169DE9A0-91FA-4FC2-A638-2D72B5BFBDE2}.Release|x86.ActiveCfg = Release|Any CPU
		{169DE9A0-91FA-4FC2-A638-2D72B5BFBDE2}.Release|x86.Build.0 = Release|Any CPU
		{F1D1113D-C66A-4EC5-A555-4DF0F57CDCAD}.Debug|Any CPU.ActiveCfg = Debug|Any CPU
		{F1D1113D-C66A-4EC5-A555-4DF0F57CDCAD}.Debug|Any CPU.Build.0 = Debug|Any CPU
		{F1D1113D-C66A-4EC5-A555-4DF0F57CDCAD}.Debug|x64.ActiveCfg = Debug|Any CPU
		{F1D1113D-C66A-4EC5-A555-4DF0F57CDCAD}.Debug|x64.Build.0 = Debug|Any CPU
		{F1D1113D-C66A-4EC5-A555-4DF0F57CDCAD}.Debug|x86.ActiveCfg = Debug|Any CPU
		{F1D1113D-C66A-4EC5-A555-4DF0F57CDCAD}.Debug|x86.Build.0 = Debug|Any CPU
		{F1D1113D-C66A-4EC5-A555-4DF0F57CDCAD}.Release|Any CPU.ActiveCfg = Release|Any CPU
		{F1D1113D-C66A-4EC5-A555-4DF0F57CDCAD}.Release|Any CPU.Build.0 = Release|Any CPU
		{F1D1113D-C66A-4EC5-A555-4DF0F57CDCAD}.Release|x64.ActiveCfg = Release|Any CPU
		{F1D1113D-C66A-4EC5-A555-4DF0F57CDCAD}.Release|x64.Build.0 = Release|Any CPU
		{F1D1113D-C66A-4EC5-A555-4DF0F57CDCAD}.Release|x86.ActiveCfg = Release|Any CPU
		{F1D1113D-C66A-4EC5-A555-4DF0F57CDCAD}.Release|x86.Build.0 = Release|Any CPU
		{6F32494A-7F96-49A1-9EBF-ECDCFA2596ED}.Debug|Any CPU.ActiveCfg = Debug|Any CPU
		{6F32494A-7F96-49A1-9EBF-ECDCFA2596ED}.Debug|Any CPU.Build.0 = Debug|Any CPU
		{6F32494A-7F96-49A1-9EBF-ECDCFA2596ED}.Debug|x64.ActiveCfg = Debug|Any CPU
		{6F32494A-7F96-49A1-9EBF-ECDCFA2596ED}.Debug|x64.Build.0 = Debug|Any CPU
		{6F32494A-7F96-49A1-9EBF-ECDCFA2596ED}.Debug|x86.ActiveCfg = Debug|Any CPU
		{6F32494A-7F96-49A1-9EBF-ECDCFA2596ED}.Debug|x86.Build.0 = Debug|Any CPU
		{6F32494A-7F96-49A1-9EBF-ECDCFA2596ED}.Release|Any CPU.ActiveCfg = Release|Any CPU
		{6F32494A-7F96-49A1-9EBF-ECDCFA2596ED}.Release|Any CPU.Build.0 = Release|Any CPU
		{6F32494A-7F96-49A1-9EBF-ECDCFA2596ED}.Release|x64.ActiveCfg = Release|Any CPU
		{6F32494A-7F96-49A1-9EBF-ECDCFA2596ED}.Release|x64.Build.0 = Release|Any CPU
		{6F32494A-7F96-49A1-9EBF-ECDCFA2596ED}.Release|x86.ActiveCfg = Release|Any CPU
		{6F32494A-7F96-49A1-9EBF-ECDCFA2596ED}.Release|x86.Build.0 = Release|Any CPU
		{5E956146-D9ED-4640-A22A-7155324CE525}.Debug|Any CPU.ActiveCfg = Debug|Any CPU
		{5E956146-D9ED-4640-A22A-7155324CE525}.Debug|Any CPU.Build.0 = Debug|Any CPU
		{5E956146-D9ED-4640-A22A-7155324CE525}.Debug|x64.ActiveCfg = Debug|Any CPU
		{5E956146-D9ED-4640-A22A-7155324CE525}.Debug|x64.Build.0 = Debug|Any CPU
		{5E956146-D9ED-4640-A22A-7155324CE525}.Debug|x86.ActiveCfg = Debug|Any CPU
		{5E956146-D9ED-4640-A22A-7155324CE525}.Debug|x86.Build.0 = Debug|Any CPU
		{5E956146-D9ED-4640-A22A-7155324CE525}.Release|Any CPU.ActiveCfg = Release|Any CPU
		{5E956146-D9ED-4640-A22A-7155324CE525}.Release|Any CPU.Build.0 = Release|Any CPU
		{5E956146-D9ED-4640-A22A-7155324CE525}.Release|x64.ActiveCfg = Release|Any CPU
		{5E956146-D9ED-4640-A22A-7155324CE525}.Release|x64.Build.0 = Release|Any CPU
		{5E956146-D9ED-4640-A22A-7155324CE525}.Release|x86.ActiveCfg = Release|Any CPU
		{5E956146-D9ED-4640-A22A-7155324CE525}.Release|x86.Build.0 = Release|Any CPU
		{D7823BD9-5EB1-4F6B-AE89-B6D15A8B97E1}.Debug|Any CPU.ActiveCfg = Debug|Any CPU
		{D7823BD9-5EB1-4F6B-AE89-B6D15A8B97E1}.Debug|Any CPU.Build.0 = Debug|Any CPU
		{D7823BD9-5EB1-4F6B-AE89-B6D15A8B97E1}.Debug|x64.ActiveCfg = Debug|Any CPU
		{D7823BD9-5EB1-4F6B-AE89-B6D15A8B97E1}.Debug|x64.Build.0 = Debug|Any CPU
		{D7823BD9-5EB1-4F6B-AE89-B6D15A8B97E1}.Debug|x86.ActiveCfg = Debug|Any CPU
		{D7823BD9-5EB1-4F6B-AE89-B6D15A8B97E1}.Debug|x86.Build.0 = Debug|Any CPU
		{D7823BD9-5EB1-4F6B-AE89-B6D15A8B97E1}.Release|Any CPU.ActiveCfg = Release|Any CPU
		{D7823BD9-5EB1-4F6B-AE89-B6D15A8B97E1}.Release|Any CPU.Build.0 = Release|Any CPU
		{D7823BD9-5EB1-4F6B-AE89-B6D15A8B97E1}.Release|x64.ActiveCfg = Release|Any CPU
		{D7823BD9-5EB1-4F6B-AE89-B6D15A8B97E1}.Release|x64.Build.0 = Release|Any CPU
		{D7823BD9-5EB1-4F6B-AE89-B6D15A8B97E1}.Release|x86.ActiveCfg = Release|Any CPU
		{D7823BD9-5EB1-4F6B-AE89-B6D15A8B97E1}.Release|x86.Build.0 = Release|Any CPU
		{2ECFAE94-0312-4108-B16A-8F25838F5F33}.Debug|Any CPU.ActiveCfg = Debug|Any CPU
		{2ECFAE94-0312-4108-B16A-8F25838F5F33}.Debug|Any CPU.Build.0 = Debug|Any CPU
		{2ECFAE94-0312-4108-B16A-8F25838F5F33}.Debug|x64.ActiveCfg = Debug|Any CPU
		{2ECFAE94-0312-4108-B16A-8F25838F5F33}.Debug|x64.Build.0 = Debug|Any CPU
		{2ECFAE94-0312-4108-B16A-8F25838F5F33}.Debug|x86.ActiveCfg = Debug|Any CPU
		{2ECFAE94-0312-4108-B16A-8F25838F5F33}.Debug|x86.Build.0 = Debug|Any CPU
		{2ECFAE94-0312-4108-B16A-8F25838F5F33}.Release|Any CPU.ActiveCfg = Release|Any CPU
		{2ECFAE94-0312-4108-B16A-8F25838F5F33}.Release|Any CPU.Build.0 = Release|Any CPU
		{2ECFAE94-0312-4108-B16A-8F25838F5F33}.Release|x64.ActiveCfg = Release|Any CPU
		{2ECFAE94-0312-4108-B16A-8F25838F5F33}.Release|x64.Build.0 = Release|Any CPU
		{2ECFAE94-0312-4108-B16A-8F25838F5F33}.Release|x86.ActiveCfg = Release|Any CPU
		{2ECFAE94-0312-4108-B16A-8F25838F5F33}.Release|x86.Build.0 = Release|Any CPU
	EndGlobalSection
	GlobalSection(SolutionProperties) = preSolution
		HideSolutionNode = FALSE
	EndGlobalSection
	GlobalSection(NestedProjects) = preSolution
		{2AC20A46-3928-2638-2A2E-83B7FF2AF7AE} = {827E0CD3-B72D-47B6-A68D-7590B98EB39B}
		{E7713A07-0374-4E36-BF44-A99A64BD8F04} = {2AC20A46-3928-2638-2A2E-83B7FF2AF7AE}
		{AF78D6AB-D52A-4C29-AF4A-51831A2CAAB6} = {2AC20A46-3928-2638-2A2E-83B7FF2AF7AE}
		{28AE033F-7910-4297-A91E-A2D1BD05F8A4} = {2AC20A46-3928-2638-2A2E-83B7FF2AF7AE}
		{84871D2F-9D13-8E05-43A3-E95AEA4CA61D} = {827E0CD3-B72D-47B6-A68D-7590B98EB39B}
		{F7029855-0F5A-4A96-A410-C6137F1D93BB} = {84871D2F-9D13-8E05-43A3-E95AEA4CA61D}
		{297F1BA2-39D4-4A49-97F0-46E2F9791F5C} = {84871D2F-9D13-8E05-43A3-E95AEA4CA61D}
		{C20A3B92-2E08-4ECE-9D3C-9DD833C7B0F7} = {84871D2F-9D13-8E05-43A3-E95AEA4CA61D}
		{5A2F0CE0-21F7-8344-6982-50F717F9C00F} = {827E0CD3-B72D-47B6-A68D-7590B98EB39B}
		{8186053D-7B34-43E4-9CB9-860FB4292024} = {5A2F0CE0-21F7-8344-6982-50F717F9C00F}
		{E85A2897-632D-4A41-AF56-C4012A90F3F7} = {5A2F0CE0-21F7-8344-6982-50F717F9C00F}
		{BA107E15-CEEC-4F6B-925F-2D492A7EBA66} = {5A2F0CE0-21F7-8344-6982-50F717F9C00F}
		{E533F4BE-44EE-FF34-0726-A5E7842B4709} = {827E0CD3-B72D-47B6-A68D-7590B98EB39B}
		{537C999D-64D6-4E1D-A0A0-DB57E27CFB49} = {E533F4BE-44EE-FF34-0726-A5E7842B4709}
		{7E6F8A07-C9A2-4E62-8B1F-150E1B621B75} = {E533F4BE-44EE-FF34-0726-A5E7842B4709}
		{169DE9A0-91FA-4FC2-A638-2D72B5BFBDE2} = {E533F4BE-44EE-FF34-0726-A5E7842B4709}
		{C8A81FA1-00A6-A89E-D121-D71451D98C8A} = {827E0CD3-B72D-47B6-A68D-7590B98EB39B}
		{F1D1113D-C66A-4EC5-A555-4DF0F57CDCAD} = {C8A81FA1-00A6-A89E-D121-D71451D98C8A}
		{6F32494A-7F96-49A1-9EBF-ECDCFA2596ED} = {C8A81FA1-00A6-A89E-D121-D71451D98C8A}
		{5E956146-D9ED-4640-A22A-7155324CE525} = {C8A81FA1-00A6-A89E-D121-D71451D98C8A}
		{FCA01246-F2C6-0AA7-D43F-FD13BE0B9D88} = {827E0CD3-B72D-47B6-A68D-7590B98EB39B}
		{D7823BD9-5EB1-4F6B-AE89-B6D15A8B97E1} = {FCA01246-F2C6-0AA7-D43F-FD13BE0B9D88}
		{2ECFAE94-0312-4108-B16A-8F25838F5F33} = {4F52FD11-658E-A102-6CD3-7D7C16FFA15B}
	EndGlobalSection
EndGlobal
